
Microsoft Visual Studio Solution File, Format Version 12.00
Project("{FAE04EC0-301F-11D3-BF4B-00C04F79EFBC}") = "PexelsAutoWallpaper", "PexelsAutoWallpaper\PexelsAutoWallpaper.csproj", "{986B4781-21EA-4B45-8BA0-64DFF462862C}"
EndProject
Global
	GlobalSection(SolutionConfigurationPlatforms) = preSolution
		Debug|Any CPU = Debug|Any CPU
		Release|Any CPU = Release|Any CPU
	EndGlobalSection
	GlobalSection(ProjectConfigurationPlatforms) = postSolution
		{986B4781-21EA-4B45-8BA0-64DFF462862C}.Debug|Any CPU.ActiveCfg = Debug|Any CPU
		{986B4781-21EA-4B45-8BA0-64DFF462862C}.Debug|Any CPU.Build.0 = Debug|Any CPU
		{986B4781-21EA-4B45-8BA0-64DFF462862C}.Release|Any CPU.ActiveCfg = Release|Any CPU
		{986B4781-21EA-4B45-8BA0-64DFF462862C}.Release|Any CPU.Build.0 = Release|Any CPU
	EndGlobalSection
EndGlobal
